Microsoft Visual Studio Solution File, Format Version 8.00
Project("{8BC9CEB8-8B4A-11D0-8D11-00A0C91BC942}") = "SuperMasterKong", "SuperMasterKong.vcproj", "{D24F3B19-829F-49EA-BC54-F1DA01CD9A1B}"
	ProjectSection(ProjectDependencies) = postProject
	EndProjectSection
EndProject
Global
	GlobalSection(SolutionConfiguration) = preSolution
		Debug = Debug
		Release = Release
	EndGlobalSection
	GlobalSection(ProjectConfiguration) = postSolution
		{D24F3B19-829F-49EA-BC54-F1DA01CD9A1B}.Debug.ActiveCfg = Debug|Win32
		{D24F3B19-829F-49EA-BC54-F1DA01CD9A1B}.Debug.Build.0 = Debug|Win32
		{D24F3B19-829F-49EA-BC54-F1DA01CD9A1B}.Release.ActiveCfg = Release|Win32
		{D24F3B19-829F-49EA-BC54-F1DA01CD9A1B}.Release.Build.0 = Release|Win32
	EndGlobalSection
	GlobalSection(ExtensibilityGlobals) = postSolution
	EndGlobalSection
	GlobalSection(ExtensibilityAddIns) = postSolution
	EndGlobalSection
EndGlobal
