Microsoft Visual Studio Solution File, Format Version 8.00
Project("{8BC9CEB8-8B4A-11D0-8D11-00A0C91BC942}") = "MasterPiece2k3", "MasterPiece2k3.vcproj", "{27ADF3B4-C03B-4234-8969-77754F99FFBA}"
	ProjectSection(ProjectDependencies) = postProject
	EndProjectSection
EndProject
Global
	GlobalSection(SolutionConfiguration) = preSolution
		Debug = Debug
		Release = Release
	EndGlobalSection
	GlobalSection(ProjectConfiguration) = postSolution
		{27ADF3B4-C03B-4234-8969-77754F99FFBA}.Debug.ActiveCfg = Debug|Win32
		{27ADF3B4-C03B-4234-8969-77754F99FFBA}.Debug.Build.0 = Debug|Win32
		{27ADF3B4-C03B-4234-8969-77754F99FFBA}.Release.ActiveCfg = Release|Win32
		{27ADF3B4-C03B-4234-8969-77754F99FFBA}.Release.Build.0 = Release|Win32
	EndGlobalSection
	GlobalSection(ExtensibilityGlobals) = postSolution
	EndGlobalSection
	GlobalSection(ExtensibilityAddIns) = postSolution
	EndGlobalSection
EndGlobal
