Microsoft Visual Studio Solution File, Format Version 8.00
Project("{8BC9CEB8-8B4A-11D0-8D11-00A0C91BC942}") = "ip2ip_fserv_gui_client", "ip2ip_fserv_gui_client\ip2ip_fserv_gui_client.vcproj", "{D25E0B0B-2590-4384-B5B9-F0DF818E0C7F}"
	ProjectSection(ProjectDependencies) = postProject
	EndProjectSection
EndProject
Global
	GlobalSection(SolutionConfiguration) = preSolution
		Debug = Debug
		Release = Release
	EndGlobalSection
	GlobalSection(ProjectConfiguration) = postSolution
		{D25E0B0B-2590-4384-B5B9-F0DF818E0C7F}.Debug.ActiveCfg = Debug|Win32
		{D25E0B0B-2590-4384-B5B9-F0DF818E0C7F}.Debug.Build.0 = Debug|Win32
		{D25E0B0B-2590-4384-B5B9-F0DF818E0C7F}.Release.ActiveCfg = Release|Win32
		{D25E0B0B-2590-4384-B5B9-F0DF818E0C7F}.Release.Build.0 = Release|Win32
	EndGlobalSection
	GlobalSection(ExtensibilityGlobals) = postSolution
	EndGlobalSection
	GlobalSection(ExtensibilityAddIns) = postSolution
	EndGlobalSection
EndGlobal
