Microsoft Visual Studio Solution File, Format Version 8.00
Project("{8BC9CEB8-8B4A-11D0-8D11-00A0C91BC942}") = "exp_parse", "exp_parse.vcproj", "{69450228-AACB-4386-A088-A080A14AF77D}"
	ProjectSection(ProjectDependencies) = postProject
	EndProjectSection
EndProject
Global
	GlobalSection(SolutionConfiguration) = preSolution
		Debug = Debug
		Release = Release
	EndGlobalSection
	GlobalSection(ProjectConfiguration) = postSolution
		{69450228-AACB-4386-A088-A080A14AF77D}.Debug.ActiveCfg = Debug|Win32
		{69450228-AACB-4386-A088-A080A14AF77D}.Debug.Build.0 = Debug|Win32
		{69450228-AACB-4386-A088-A080A14AF77D}.Release.ActiveCfg = Release|Win32
		{69450228-AACB-4386-A088-A080A14AF77D}.Release.Build.0 = Release|Win32
	EndGlobalSection
	GlobalSection(ExtensibilityGlobals) = postSolution
	EndGlobalSection
	GlobalSection(ExtensibilityAddIns) = postSolution
	EndGlobalSection
EndGlobal
